
Microsoft Visual Studio Solution File, Format Version 12.00
# Visual Studio 15
VisualStudioVersion = 15.0.27130.2036
MinimumVisualStudioVersion = 10.0.40219.1
Project("{9A19103F-16F7-4668-BE54-9A1E7A4F7556}") = "00 MAIN", "00 MAIN\00 MAIN.csproj", "{652840A7-664B-4194-9A99-D5FA3C1E7DAC}"
EndProject
Project("{2150E333-8FDC-42A3-9474-1A3956D46DE8}") = "Solution Items", "Solution Items", "{1207AC28-AEDF-4EA6-BBA0-5C0E1DB24703}"
EndProject
Project("{FAE04EC0-301F-11D3-BF4B-00C04F79EFBC}") = "01 PARSER Test Module", "01 PARSER Test Module\01 PARSER Test Module.csproj", "{C5469361-E417-4740-9CE4-DFFAA7831E57}"
EndProject
Global
	GlobalSection(SolutionConfigurationPlatforms) = preSolution
		Debug|Any CPU = Debug|Any CPU
		Release|Any CPU = Release|Any CPU
	EndGlobalSection
	GlobalSection(ProjectConfigurationPlatforms) = postSolution
		{652840A7-664B-4194-9A99-D5FA3C1E7DAC}.Debug|Any CPU.ActiveCfg = Debug|Any CPU
		{652840A7-664B-4194-9A99-D5FA3C1E7DAC}.Debug|Any CPU.Build.0 = Debug|Any CPU
		{652840A7-664B-4194-9A99-D5FA3C1E7DAC}.Release|Any CPU.ActiveCfg = Release|Any CPU
		{652840A7-664B-4194-9A99-D5FA3C1E7DAC}.Release|Any CPU.Build.0 = Release|Any CPU
		{C5469361-E417-4740-9CE4-DFFAA7831E57}.Debug|Any CPU.ActiveCfg = Debug|Any CPU
		{C5469361-E417-4740-9CE4-DFFAA7831E57}.Debug|Any CPU.Build.0 = Debug|Any CPU
		{C5469361-E417-4740-9CE4-DFFAA7831E57}.Release|Any CPU.ActiveCfg = Release|Any CPU
		{C5469361-E417-4740-9CE4-DFFAA7831E57}.Release|Any CPU.Build.0 = Release|Any CPU
	EndGlobalSection
	GlobalSection(SolutionProperties) = preSolution
		HideSolutionNode = FALSE
	EndGlobalSection
	GlobalSection(ExtensibilityGlobals) = postSolution
		SolutionGuid = {ACEBBBAC-A5CA-4CAB-903D-A15E011954F7}
	EndGlobalSection
EndGlobal
